schema: '2.0'
stages:
  data_ingestion:
    cmd: python src/data/data_ingestion.py
    deps:
    - path: src/data/data_ingestion.py
      hash: md5
      md5: ceb6ceabc48fcf3e5c39c48ce92ed3dc
      size: 4453
    params:
      params.yaml:
        data_ingestion.test_size: 0.2
    outs:
    - path: data/raw
      hash: md5
      md5: da0642efb96da135f32b48ce2d6ce8e6.dir
      size: 6911451
      nfiles: 2
  data_preprocessing:
    cmd: python src/data/data_preprocessing.py
    deps:
    - path: data/raw/test.csv
      hash: md5
      md5: 9d7b883dab8324157a6a9ff2db3b4219
      size: 1378035
    - path: data/raw/train.csv
      hash: md5
      md5: e20c2275104b06fa77a63e3cb16644ae
      size: 5533416
    - path: src/data/data_preprocessing.py
      hash: md5
      md5: f997a07ec5d812b43a2bfa7ca740e7a0
      size: 3715
    outs:
    - path: data/interim
      hash: md5
      md5: 88dc7b77c3191d55654514e259c08d67.dir
      size: 5126600
      nfiles: 2
  model_building:
    cmd: python src/model/model_building.py
    deps:
    - path: data/interim/train_processed.csv
      hash: md5
      md5: 5f7f7ab7b14bc90a07cfb73bfa7f8f8b
      size: 4108177
    - path: src/model/model_building.py
      hash: md5
      md5: 998047b19832cd8f958a4259e2b24204
      size: 9784
    params:
      params.yaml:
        model_building.learning_rate: 0.09
        model_building.max_depth: 20
        model_building.max_features: 25000
        model_building.n_estimators: 367
        model_building.ngram_range:
        - 1
        - 3
    outs:
    - path: lgbm_model.pkl
      hash: md5
      md5: 0993df5bbd84247ba2a30568e8fdfcdc
      size: 3154877
    - path: tfidf_vectorizer.pkl
      hash: md5
      md5: f81700d7637b346efab4a70e74a80dd2
      size: 982790
  model_evaluation:
    cmd: python src/model/model_evaluation.py
    deps:
    - path: data/interim/test_processed.csv
      hash: md5
      md5: a437b1ee2d1866d41aea2d5595ab7c2a
      size: 1018423
    - path: data/interim/train_processed.csv
      hash: md5
      md5: 5f7f7ab7b14bc90a07cfb73bfa7f8f8b
      size: 4108177
    - path: lgbm_model.pkl
      hash: md5
      md5: 0993df5bbd84247ba2a30568e8fdfcdc
      size: 3154877
    - path: src/model/model_evaluation.py
      hash: md5
      md5: 7cdea1a4775f6830c589d5f51c64bcca
      size: 8237
    - path: tfidf_vectorizer.pkl
      hash: md5
      md5: f81700d7637b346efab4a70e74a80dd2
      size: 982790
    outs:
    - path: experiment_info.json
      hash: md5
      md5: bb62b0a53f7838fd8afa35d5e4cf14ed
      size: 87
  model_registration:
    cmd: python src/model/register_model.py
    deps:
    - path: experiment_info.json
      hash: md5
      md5: bb62b0a53f7838fd8afa35d5e4cf14ed
      size: 87
    - path: src/model/register_model.py
      hash: md5
      md5: d26a7f2d74aa33806028e07e297a3abe
      size: 2436
